{
  "name": "wesc",
  "version": "0.4.0",
  "lockfileVersion": 3,
  "requires": true,
  "packages": {
    "": {
      "name": "wesc",
      "version": "0.4.0",
      "license": "MIT",
      "dependencies": {
        "linkedom": "github:luwes/linkedom#wesc"
      },
      "devDependencies": {
        "esbuild": "^0.20.0",
        "prettier": "^3.2.4",
        "pta": "^1.2.0",
        "wet-run": "^1.0.3",
        "zora": "^5.2.0"
      },
      "peerDependencies": {
        "react": "^17.0.2 || ^18",
        "react-dom": "^17.0.2 || ^18"
      }
    },
    "node_modules/@esbuild/aix-ppc64": {
      "version": "0.20.0",
      "resolved": "https://registry.npmjs.org/@esbuild/aix-ppc64/-/aix-ppc64-0.20.0.tgz",
      "integrity": "sha512-fGFDEctNh0CcSwsiRPxiaqX0P5rq+AqE0SRhYGZ4PX46Lg1FNR6oCxJghf8YgY0WQEgQuh3lErUFE4KxLeRmmw==",
      "cpu": [
        "ppc64"
      ],
      "dev": true,
      "optional": true,
      "os": [
        "aix"
      ],
      "engines": {
        "node": ">=12"
      }
    },
    "node_modules/@esbuild/android-arm": {
      "version": "0.20.0",
      "resolved": "https://registry.npmjs.org/@esbuild/android-arm/-/android-arm-0.20.0.tgz",
      "integrity": "sha512-3bMAfInvByLHfJwYPJRlpTeaQA75n8C/QKpEaiS4HrFWFiJlNI0vzq/zCjBrhAYcPyVPG7Eo9dMrcQXuqmNk5g==",
      "cpu": [
        "arm"
      ],
      "dev": true,
      "optional": true,
      "os": [
        "android"
      ],
      "engines": {
        "node": ">=12"
      }
    },
    "node_modules/@esbuild/android-arm64": {
      "version": "0.20.0",
      "resolved": "https://registry.npmjs.org/@esbuild/android-arm64/-/android-arm64-0.20.0.tgz",
      "integrity": "sha512-aVpnM4lURNkp0D3qPoAzSG92VXStYmoVPOgXveAUoQBWRSuQzt51yvSju29J6AHPmwY1BjH49uR29oyfH1ra8Q==",
      "cpu": [
        "arm64"
      ],
      "dev": true,
      "optional": true,
      "os": [
        "android"
      ],
      "engines": {
        "node": ">=12"
      }
    },
    "node_modules/@esbuild/android-x64": {
      "version": "0.20.0",
      "resolved": "https://registry.npmjs.org/@esbuild/android-x64/-/android-x64-0.20.0.tgz",
      "integrity": "sha512-uK7wAnlRvjkCPzh8jJ+QejFyrP8ObKuR5cBIsQZ+qbMunwR8sbd8krmMbxTLSrDhiPZaJYKQAU5Y3iMDcZPhyQ==",
      "cpu": [
        "x64"
      ],
      "dev": true,
      "optional": true,
      "os": [
        "android"
      ],
      "engines": {
        "node": ">=12"
      }
    },
    "node_modules/@esbuild/darwin-arm64": {
      "version": "0.20.0",
      "resolved": "https://registry.npmjs.org/@esbuild/darwin-arm64/-/darwin-arm64-0.20.0.tgz",
      "integrity": "sha512-AjEcivGAlPs3UAcJedMa9qYg9eSfU6FnGHJjT8s346HSKkrcWlYezGE8VaO2xKfvvlZkgAhyvl06OJOxiMgOYQ==",
      "cpu": [
        "arm64"
      ],
      "dev": true,
      "optional": true,
      "os": [
        "darwin"
      ],
      "engines": {
        "node": ">=12"
      }
    },
    "node_modules/@esbuild/darwin-x64": {
      "version": "0.20.0",
      "resolved": "https://registry.npmjs.org/@esbuild/darwin-x64/-/darwin-x64-0.20.0.tgz",
      "integrity": "sha512-bsgTPoyYDnPv8ER0HqnJggXK6RyFy4PH4rtsId0V7Efa90u2+EifxytE9pZnsDgExgkARy24WUQGv9irVbTvIw==",
      "cpu": [
        "x64"
      ],
      "dev": true,
      "optional": true,
      "os": [
        "darwin"
      ],
      "engines": {
        "node": ">=12"
      }
    },
    "node_modules/@esbuild/freebsd-arm64": {
      "version": "0.20.0",
      "resolved": "https://registry.npmjs.org/@esbuild/freebsd-arm64/-/freebsd-arm64-0.20.0.tgz",
      "integrity": "sha512-kQ7jYdlKS335mpGbMW5tEe3IrQFIok9r84EM3PXB8qBFJPSc6dpWfrtsC/y1pyrz82xfUIn5ZrnSHQQsd6jebQ==",
      "cpu": [
        "arm64"
      ],
      "dev": true,
      "optional": true,
      "os": [
        "freebsd"
      ],
      "engines": {
        "node": ">=12"
      }
    },
    "node_modules/@esbuild/freebsd-x64": {
      "version": "0.20.0",
      "resolved": "https://registry.npmjs.org/@esbuild/freebsd-x64/-/freebsd-x64-0.20.0.tgz",
      "integrity": "sha512-uG8B0WSepMRsBNVXAQcHf9+Ko/Tr+XqmK7Ptel9HVmnykupXdS4J7ovSQUIi0tQGIndhbqWLaIL/qO/cWhXKyQ==",
      "cpu": [
        "x64"
      ],
      "dev": true,
      "optional": true,
      "os": [
        "freebsd"
      ],
      "engines": {
        "node": ">=12"
      }
    },
    "node_modules/@esbuild/linux-arm": {
      "version": "0.20.0",
      "resolved": "https://registry.npmjs.org/@esbuild/linux-arm/-/linux-arm-0.20.0.tgz",
      "integrity": "sha512-2ezuhdiZw8vuHf1HKSf4TIk80naTbP9At7sOqZmdVwvvMyuoDiZB49YZKLsLOfKIr77+I40dWpHVeY5JHpIEIg==",
      "cpu": [
        "arm"
      ],
      "dev": true,
      "optional": true,
      "os": [
        "linux"
      ],
      "engines": {
        "node": ">=12"
      }
    },
    "node_modules/@esbuild/linux-arm64": {
      "version": "0.20.0",
      "resolved": "https://registry.npmjs.org/@esbuild/linux-arm64/-/linux-arm64-0.20.0.tgz",
      "integrity": "sha512-uTtyYAP5veqi2z9b6Gr0NUoNv9F/rOzI8tOD5jKcCvRUn7T60Bb+42NDBCWNhMjkQzI0qqwXkQGo1SY41G52nw==",
      "cpu": [
        "arm64"
      ],
      "dev": true,
      "optional": true,
      "os": [
        "linux"
      ],
      "engines": {
        "node": ">=12"
      }
    },
    "node_modules/@esbuild/linux-ia32": {
      "version": "0.20.0",
      "resolved": "https://registry.npmjs.org/@esbuild/linux-ia32/-/linux-ia32-0.20.0.tgz",
      "integrity": "sha512-c88wwtfs8tTffPaoJ+SQn3y+lKtgTzyjkD8NgsyCtCmtoIC8RDL7PrJU05an/e9VuAke6eJqGkoMhJK1RY6z4w==",
      "cpu": [
        "ia32"
      ],
      "dev": true,
      "optional": true,
      "os": [
        "linux"
      ],
      "engines": {
        "node": ">=12"
      }
    },
    "node_modules/@esbuild/linux-loong64": {
      "version": "0.20.0",
      "resolved": "https://registry.npmjs.org/@esbuild/linux-loong64/-/linux-loong64-0.20.0.tgz",
      "integrity": "sha512-lR2rr/128/6svngnVta6JN4gxSXle/yZEZL3o4XZ6esOqhyR4wsKyfu6qXAL04S4S5CgGfG+GYZnjFd4YiG3Aw==",
      "cpu": [
        "loong64"
      ],
      "dev": true,
      "optional": true,
      "os": [
        "linux"
      ],
      "engines": {
        "node": ">=12"
      }
    },
    "node_modules/@esbuild/linux-mips64el": {
      "version": "0.20.0",
      "resolved": "https://registry.npmjs.org/@esbuild/linux-mips64el/-/linux-mips64el-0.20.0.tgz",
      "integrity": "sha512-9Sycc+1uUsDnJCelDf6ZNqgZQoK1mJvFtqf2MUz4ujTxGhvCWw+4chYfDLPepMEvVL9PDwn6HrXad5yOrNzIsQ==",
      "cpu": [
        "mips64el"
      ],
      "dev": true,
      "optional": true,
      "os": [
        "linux"
      ],
      "engines": {
        "node": ">=12"
      }
    },
    "node_modules/@esbuild/linux-ppc64": {
      "version": "0.20.0",
      "resolved": "https://registry.npmjs.org/@esbuild/linux-ppc64/-/linux-ppc64-0.20.0.tgz",
      "integrity": "sha512-CoWSaaAXOZd+CjbUTdXIJE/t7Oz+4g90A3VBCHLbfuc5yUQU/nFDLOzQsN0cdxgXd97lYW/psIIBdjzQIwTBGw==",
      "cpu": [
        "ppc64"
      ],
      "dev": true,
      "optional": true,
      "os": [
        "linux"
      ],
      "engines": {
        "node": ">=12"
      }
    },
    "node_modules/@esbuild/linux-riscv64": {
      "version": "0.20.0",
      "resolved": "https://registry.npmjs.org/@esbuild/linux-riscv64/-/linux-riscv64-0.20.0.tgz",
      "integrity": "sha512-mlb1hg/eYRJUpv8h/x+4ShgoNLL8wgZ64SUr26KwglTYnwAWjkhR2GpoKftDbPOCnodA9t4Y/b68H4J9XmmPzA==",
      "cpu": [
        "riscv64"
      ],
      "dev": true,
      "optional": true,
      "os": [
        "linux"
      ],
      "engines": {
        "node": ">=12"
      }
    },
    "node_modules/@esbuild/linux-s390x": {
      "version": "0.20.0",
      "resolved": "https://registry.npmjs.org/@esbuild/linux-s390x/-/linux-s390x-0.20.0.tgz",
      "integrity": "sha512-fgf9ubb53xSnOBqyvWEY6ukBNRl1mVX1srPNu06B6mNsNK20JfH6xV6jECzrQ69/VMiTLvHMicQR/PgTOgqJUQ==",
      "cpu": [
        "s390x"
      ],
      "dev": true,
      "optional": true,
      "os": [
        "linux"
      ],
      "engines": {
        "node": ">=12"
      }
    },
    "node_modules/@esbuild/linux-x64": {
      "version": "0.20.0",
      "resolved": "https://registry.npmjs.org/@esbuild/linux-x64/-/linux-x64-0.20.0.tgz",
      "integrity": "sha512-H9Eu6MGse++204XZcYsse1yFHmRXEWgadk2N58O/xd50P9EvFMLJTQLg+lB4E1cF2xhLZU5luSWtGTb0l9UeSg==",
      "cpu": [
        "x64"
      ],
      "dev": true,
      "optional": true,
      "os": [
        "linux"
      ],
      "engines": {
        "node": ">=12"
      }
    },
    "node_modules/@esbuild/netbsd-x64": {
      "version": "0.20.0",
      "resolved": "https://registry.npmjs.org/@esbuild/netbsd-x64/-/netbsd-x64-0.20.0.tgz",
      "integrity": "sha512-lCT675rTN1v8Fo+RGrE5KjSnfY0x9Og4RN7t7lVrN3vMSjy34/+3na0q7RIfWDAj0e0rCh0OL+P88lu3Rt21MQ==",
      "cpu": [
        "x64"
      ],
      "dev": true,
      "optional": true,
      "os": [
        "netbsd"
      ],
      "engines": {
        "node": ">=12"
      }
    },
    "node_modules/@esbuild/openbsd-x64": {
      "version": "0.20.0",
      "resolved": "https://registry.npmjs.org/@esbuild/openbsd-x64/-/openbsd-x64-0.20.0.tgz",
      "integrity": "sha512-HKoUGXz/TOVXKQ+67NhxyHv+aDSZf44QpWLa3I1lLvAwGq8x1k0T+e2HHSRvxWhfJrFxaaqre1+YyzQ99KixoA==",
      "cpu": [
        "x64"
      ],
      "dev": true,
      "optional": true,
      "os": [
        "openbsd"
      ],
      "engines": {
        "node": ">=12"
      }
    },
    "node_modules/@esbuild/sunos-x64": {
      "version": "0.20.0",
      "resolved": "https://registry.npmjs.org/@esbuild/sunos-x64/-/sunos-x64-0.20.0.tgz",
      "integrity": "sha512-GDwAqgHQm1mVoPppGsoq4WJwT3vhnz/2N62CzhvApFD1eJyTroob30FPpOZabN+FgCjhG+AgcZyOPIkR8dfD7g==",
      "cpu": [
        "x64"
      ],
      "dev": true,
      "optional": true,
      "os": [
        "sunos"
      ],
      "engines": {
        "node": ">=12"
      }
    },
    "node_modules/@esbuild/win32-arm64": {
      "version": "0.20.0",
      "resolved": "https://registry.npmjs.org/@esbuild/win32-arm64/-/win32-arm64-0.20.0.tgz",
      "integrity": "sha512-0vYsP8aC4TvMlOQYozoksiaxjlvUcQrac+muDqj1Fxy6jh9l9CZJzj7zmh8JGfiV49cYLTorFLxg7593pGldwQ==",
      "cpu": [
        "arm64"
      ],
      "dev": true,
      "optional": true,
      "os": [
        "win32"
      ],
      "engines": {
        "node": ">=12"
      }
    },
    "node_modules/@esbuild/win32-ia32": {
      "version": "0.20.0",
      "resolved": "https://registry.npmjs.org/@esbuild/win32-ia32/-/win32-ia32-0.20.0.tgz",
      "integrity": "sha512-p98u4rIgfh4gdpV00IqknBD5pC84LCub+4a3MO+zjqvU5MVXOc3hqR2UgT2jI2nh3h8s9EQxmOsVI3tyzv1iFg==",
      "cpu": [
        "ia32"
      ],
      "dev": true,
      "optional": true,
      "os": [
        "win32"
      ],
      "engines": {
        "node": ">=12"
      }
    },
    "node_modules/@esbuild/win32-x64": {
      "version": "0.20.0",
      "resolved": "https://registry.npmjs.org/@esbuild/win32-x64/-/win32-x64-0.20.0.tgz",
      "integrity": "sha512-NgJnesu1RtWihtTtXGFMU5YSE6JyyHPMxCwBZK7a6/8d31GuSo9l0Ss7w1Jw5QnKUawG6UEehs883kcXf5fYwg==",
      "cpu": [
        "x64"
      ],
      "dev": true,
      "optional": true,
      "os": [
        "win32"
      ],
      "engines": {
        "node": ">=12"
      }
    },
    "node_modules/@hono/node-server": {
      "version": "1.3.3",
      "resolved": "https://registry.npmjs.org/@hono/node-server/-/node-server-1.3.3.tgz",
      "integrity": "sha512-zD+TJvSBb5rqx5KSRlpoxNM3ESC8JU3pdecNZc2nK/TJSt88Ae/ko2nKnzYqX2IDegc+4hxLs8CW92B683C2VQ==",
      "dev": true,
      "engines": {
        "node": ">=18.14.1"
      }
    },
    "node_modules/@nodelib/fs.scandir": {
      "version": "2.1.5",
      "resolved": "https://registry.npmjs.org/@nodelib/fs.scandir/-/fs.scandir-2.1.5.tgz",
      "integrity": "sha512-vq24Bq3ym5HEQm2NKCr3yXDwjc7vTsEThRDnkp2DK9p1uqLR+DHurm/NOTo0KG7HYHU7eppKZj3MyqYuMBf62g==",
      "dev": true,
      "dependencies": {
        "@nodelib/fs.stat": "2.0.5",
        "run-parallel": "^1.1.9"
      },
      "engines": {
        "node": ">= 8"
      }
    },
    "node_modules/@nodelib/fs.stat": {
      "version": "2.0.5",
      "resolved": "https://registry.npmjs.org/@nodelib/fs.stat/-/fs.stat-2.0.5.tgz",
      "integrity": "sha512-RkhPPp2zrqDAQA/2jNhnztcPAlv64XdhIp7a7454A5ovI7Bukxgt7MX7udwAu3zg1DcpPU0rz3VV1SeaqvY4+A==",
      "dev": true,
      "engines": {
        "node": ">= 8"
      }
    },
    "node_modules/@nodelib/fs.walk": {
      "version": "1.2.8",
      "resolved": "https://registry.npmjs.org/@nodelib/fs.walk/-/fs.walk-1.2.8.tgz",
      "integrity": "sha512-oGB+UxlgWcgQkgwo8GcEGwemoTFt3FIO9ababBmaGwXIoBKZ+GTy0pP185beGg7Llih/NSHSV2XAs1lnznocSg==",
      "dev": true,
      "dependencies": {
        "@nodelib/fs.scandir": "2.1.5",
        "fastq": "^1.6.0"
      },
      "engines": {
        "node": ">= 8"
      }
    },
    "node_modules/arg": {
      "version": "5.0.2",
      "resolved": "https://registry.npmjs.org/arg/-/arg-5.0.2.tgz",
      "integrity": "sha512-PYjyFOLKQ9y57JvQ6QLo8dAgNqswh8M1RMJYdQduT6xbWSgK36P/Z/v+p888pM69jMMfS8Xd8F6I1kQ/I9HUGg==",
      "dev": true
    },
    "node_modules/boolbase": {
      "version": "1.0.0",
      "resolved": "https://registry.npmjs.org/boolbase/-/boolbase-1.0.0.tgz",
      "integrity": "sha512-JZOSA7Mo9sNGB8+UjSgzdLtokWAky1zbztM3WRLCbZ70/3cTANmQmOdR7y2g+J0e2WXywy1yS468tY+IruqEww=="
    },
    "node_modules/braces": {
      "version": "3.0.3",
      "resolved": "https://registry.npmjs.org/braces/-/braces-3.0.3.tgz",
      "integrity": "sha512-yQbXgO/OSZVD2IsiLlro+7Hf6Q18EJrKSEsdoMzKePKXct3gvD8oLcOQdIzGupr5Fj+EDe8gO/lxc1BzfMpxvA==",
      "dev": true,
      "dependencies": {
        "fill-range": "^7.1.1"
      },
      "engines": {
        "node": ">=8"
      }
    },
    "node_modules/colorette": {
      "version": "2.0.17",
      "resolved": "https://registry.npmjs.org/colorette/-/colorette-2.0.17.tgz",
      "integrity": "sha512-hJo+3Bkn0NCHybn9Tu35fIeoOKGOk5OCC32y4Hz2It+qlCO2Q3DeQ1hRn/tDDMQKRYUEzqsl7jbF6dYKjlE60g==",
      "dev": true
    },
    "node_modules/css-select": {
      "version": "5.1.0",
      "resolved": "https://registry.npmjs.org/css-select/-/css-select-5.1.0.tgz",
      "integrity": "sha512-nwoRF1rvRRnnCqqY7updORDsuqKzqYJ28+oSMaJMMgOauh3fvwHqMS7EZpIPqK8GL+g9mKxF1vP/ZjSeNjEVHg==",
      "dependencies": {
        "boolbase": "^1.0.0",
        "css-what": "^6.1.0",
        "domhandler": "^5.0.2",
        "domutils": "^3.0.1",
        "nth-check": "^2.0.1"
      },
      "funding": {
        "url": "https://github.com/sponsors/fb55"
      }
    },
    "node_modules/css-what": {
      "version": "6.1.0",
      "resolved": "https://registry.npmjs.org/css-what/-/css-what-6.1.0.tgz",
      "integrity": "sha512-HTUrgRJ7r4dsZKU6GjmpfRK1O76h97Z8MfS1G0FozR+oF2kG6Vfe8JE6zwrkbxigziPHinCJ+gCPjA9EaBDtRw==",
      "engines": {
        "node": ">= 6"
      },
      "funding": {
        "url": "https://github.com/sponsors/fb55"
      }
    },
    "node_modules/cssom": {
      "version": "0.5.0",
      "resolved": "https://registry.npmjs.org/cssom/-/cssom-0.5.0.tgz",
      "integrity": "sha512-iKuQcq+NdHqlAcwUY0o/HL69XQrUaQdMjmStJ8JFmUaiiQErlhrmuigkg/CU4E2J0IyUKUrMAgl36TvN67MqTw=="
    },
    "node_modules/diff": {
      "version": "5.1.0",
      "resolved": "https://registry.npmjs.org/diff/-/diff-5.1.0.tgz",
      "integrity": "sha512-D+mk+qE8VC/PAUrlAU34N+VfXev0ghe5ywmpqrawphmVZc1bEfn56uo9qpyGp1p4xpzOHkSW4ztBd6L7Xx4ACw==",
      "dev": true,
      "engines": {
        "node": ">=0.3.1"
      }
    },
    "node_modules/dir-glob": {
      "version": "3.0.1",
      "resolved": "https://registry.npmjs.org/dir-glob/-/dir-glob-3.0.1.tgz",
      "integrity": "sha512-WkrWp9GR4KXfKGYzOLmTuGVi1UWFfws377n9cc55/tb6DuqyF6pcQ5AbiHEshaDpY9v6oaSr2XCDidGmMwdzIA==",
      "dev": true,
      "dependencies": {
        "path-type": "^4.0.0"
      },
      "engines": {
        "node": ">=8"
      }
    },
    "node_modules/dom-serializer": {
      "version": "2.0.0",
      "resolved": "https://registry.npmjs.org/dom-serializer/-/dom-serializer-2.0.0.tgz",
      "integrity": "sha512-wIkAryiqt/nV5EQKqQpo3SToSOV9J0DnbJqwK7Wv/Trc92zIAYZ4FlMu+JPFW1DfGFt81ZTCGgDEabffXeLyJg==",
      "dependencies": {
        "domelementtype": "^2.3.0",
        "domhandler": "^5.0.2",
        "entities": "^4.2.0"
      },
      "funding": {
        "url": "https://github.com/cheeriojs/dom-serializer?sponsor=1"
      }
    },
    "node_modules/domelementtype": {
      "version": "2.3.0",
      "resolved": "https://registry.npmjs.org/domelementtype/-/domelementtype-2.3.0.tgz",
      "integrity": "sha512-OLETBj6w0OsagBwdXnPdN0cnMfF9opN69co+7ZrbfPGrdpPVNBUj02spi6B1N7wChLQiPn4CSH/zJvXw56gmHw==",
      "funding": [
        {
          "type": "github",
          "url": "https://github.com/sponsors/fb55"
        }
      ]
    },
    "node_modules/domhandler": {
      "version": "5.0.3",
      "resolved": "https://registry.npmjs.org/domhandler/-/domhandler-5.0.3.tgz",
      "integrity": "sha512-cgwlv/1iFQiFnU96XXgROh8xTeetsnJiDsTc7TYCLFd9+/WNkIqPTxiM/8pSd8VIrhXGTf1Ny1q1hquVqDJB5w==",
      "dependencies": {
        "domelementtype": "^2.3.0"
      },
      "engines": {
        "node": ">= 4"
      },
      "funding": {
        "url": "https://github.com/fb55/domhandler?sponsor=1"
      }
    },
    "node_modules/domutils": {
      "version": "3.1.0",
      "resolved": "https://registry.npmjs.org/domutils/-/domutils-3.1.0.tgz",
      "integrity": "sha512-H78uMmQtI2AhgDJjWeQmHwJJ2bLPD3GMmO7Zja/ZZh84wkm+4ut+IUnUdRa8uCGX88DiVx1j6FRe1XfxEgjEZA==",
      "dependencies": {
        "dom-serializer": "^2.0.0",
        "domelementtype": "^2.3.0",
        "domhandler": "^5.0.3"
      },
      "funding": {
        "url": "https://github.com/fb55/domutils?sponsor=1"
      }
    },
    "node_modules/entities": {
      "version": "4.5.0",
      "resolved": "https://registry.npmjs.org/entities/-/entities-4.5.0.tgz",
      "integrity": "sha512-V0hjH4dGPh9Ao5p0MoRY6BVqtwCjhz6vI5LT8AJ55H+4g9/4vbHx1I54fS0XuclLhDHArPQCiMjDxjaL8fPxhw==",
      "engines": {
        "node": ">=0.12"
      },
      "funding": {
        "url": "https://github.com/fb55/entities?sponsor=1"
      }
    },
    "node_modules/esbuild": {
      "version": "0.20.0",
      "resolved": "https://registry.npmjs.org/esbuild/-/esbuild-0.20.0.tgz",
      "integrity": "sha512-6iwE3Y2RVYCME1jLpBqq7LQWK3MW6vjV2bZy6gt/WrqkY+WE74Spyc0ThAOYpMtITvnjX09CrC6ym7A/m9mebA==",
      "dev": true,
      "hasInstallScript": true,
      "bin": {
        "esbuild": "bin/esbuild"
      },
      "engines": {
        "node": ">=12"
      },
      "optionalDependencies": {
        "@esbuild/aix-ppc64": "0.20.0",
        "@esbuild/android-arm": "0.20.0",
        "@esbuild/android-arm64": "0.20.0",
        "@esbuild/android-x64": "0.20.0",
        "@esbuild/darwin-arm64": "0.20.0",
        "@esbuild/darwin-x64": "0.20.0",
        "@esbuild/freebsd-arm64": "0.20.0",
        "@esbuild/freebsd-x64": "0.20.0",
        "@esbuild/linux-arm": "0.20.0",
        "@esbuild/linux-arm64": "0.20.0",
        "@esbuild/linux-ia32": "0.20.0",
        "@esbuild/linux-loong64": "0.20.0",
        "@esbuild/linux-mips64el": "0.20.0",
        "@esbuild/linux-ppc64": "0.20.0",
        "@esbuild/linux-riscv64": "0.20.0",
        "@esbuild/linux-s390x": "0.20.0",
        "@esbuild/linux-x64": "0.20.0",
        "@esbuild/netbsd-x64": "0.20.0",
        "@esbuild/openbsd-x64": "0.20.0",
        "@esbuild/sunos-x64": "0.20.0",
        "@esbuild/win32-arm64": "0.20.0",
        "@esbuild/win32-ia32": "0.20.0",
        "@esbuild/win32-x64": "0.20.0"
      }
    },
    "node_modules/fast-glob": {
      "version": "3.3.0",
      "resolved": "https://registry.npmjs.org/fast-glob/-/fast-glob-3.3.0.tgz",
      "integrity": "sha512-ChDuvbOypPuNjO8yIDf36x7BlZX1smcUMTTcyoIjycexOxd6DFsKsg21qVBzEmr3G7fUKIRy2/psii+CIUt7FA==",
      "dev": true,
      "dependencies": {
        "@nodelib/fs.stat": "^2.0.2",
        "@nodelib/fs.walk": "^1.2.3",
        "glob-parent": "^5.1.2",
        "merge2": "^1.3.0",
        "micromatch": "^4.0.4"
      },
      "engines": {
        "node": ">=8.6.0"
      }
    },
    "node_modules/fastq": {
      "version": "1.15.0",
      "resolved": "https://registry.npmjs.org/fastq/-/fastq-1.15.0.tgz",
      "integrity": "sha512-wBrocU2LCXXa+lWBt8RoIRD89Fi8OdABODa/kEnyeyjS5aZO5/GNvI5sEINADqP/h8M29UHTHUb53sUu5Ihqdw==",
      "dev": true,
      "dependencies": {
        "reusify": "^1.0.4"
      }
    },
    "node_modules/fill-range": {
      "version": "7.1.1",
      "resolved": "https://registry.npmjs.org/fill-range/-/fill-range-7.1.1.tgz",
      "integrity": "sha512-YsGpe3WHLK8ZYi4tWDg2Jy3ebRz2rXowDxnld4bkQB00cc/1Zw9AWnC0i9ztDJitivtQvaI9KaLyKrc+hBW0yg==",
      "dev": true,
      "dependencies": {
        "to-regex-range": "^5.0.1"
      },
      "engines": {
        "node": ">=8"
      }
    },
    "node_modules/glob-parent": {
      "version": "5.1.2",
      "resolved": "https://registry.npmjs.org/glob-parent/-/glob-parent-5.1.2.tgz",
      "integrity": "sha512-AOIgSQCepiJYwP3ARnGx+5VnTu2HBYdzbGP45eLw1vr3zB3vZLeyed1sC9hnbcOc9/SrMyM5RPQrkGz4aS9Zow==",
      "dev": true,
      "dependencies": {
        "is-glob": "^4.0.1"
      },
      "engines": {
        "node": ">= 6"
      }
    },
    "node_modules/globby": {
      "version": "13.1.4",
      "resolved": "https://registry.npmjs.org/globby/-/globby-13.1.4.tgz",
      "integrity": "sha512-iui/IiiW+QrJ1X1hKH5qwlMQyv34wJAYwH1vrf8b9kBA4sNiif3gKsMHa+BrdnOpEudWjpotfa7LrTzB1ERS/g==",
      "dev": true,
      "dependencies": {
        "dir-glob": "^3.0.1",
        "fast-glob": "^3.2.11",
        "ignore": "^5.2.0",
        "merge2": "^1.4.1",
        "slash": "^4.0.0"
      },
      "engines": {
        "node": "^12.20.0 || ^14.13.1 || >=16.0.0"
      },
      "funding": {
        "url": "https://github.com/sponsors/sindresorhus"
      }
    },
    "node_modules/hono": {
      "version": "3.11.9",
      "resolved": "https://registry.npmjs.org/hono/-/hono-3.11.9.tgz",
      "integrity": "sha512-vjwVHw/y9xXPf7a87XjAPE9d3NFLyDiDBHmTU5SsGiJoe4BSiU/Yiu5UB9orhP+YGkSwD7fzXmuG7lpvKnr15w==",
      "dev": true,
      "engines": {
        "node": ">=16.0.0"
      }
    },
    "node_modules/html-escaper": {
      "version": "3.0.3",
      "resolved": "https://registry.npmjs.org/html-escaper/-/html-escaper-3.0.3.tgz",
      "integrity": "sha512-RuMffC89BOWQoY0WKGpIhn5gX3iI54O6nRA0yC124NYVtzjmFWBIiFd8M0x+ZdX0P9R4lADg1mgP8C7PxGOWuQ=="
    },
    "node_modules/htmlparser2": {
      "version": "9.1.0",
      "resolved": "https://registry.npmjs.org/htmlparser2/-/htmlparser2-9.1.0.tgz",
      "integrity": "sha512-5zfg6mHUoaer/97TxnGpxmbR7zJtPwIYFMZ/H5ucTlPZhKvtum05yiPK3Mgai3a0DyVxv7qYqoweaEd2nrYQzQ==",
      "funding": [
        "https://github.com/fb55/htmlparser2?sponsor=1",
        {
          "type": "github",
          "url": "https://github.com/sponsors/fb55"
        }
      ],
      "dependencies": {
        "domelementtype": "^2.3.0",
        "domhandler": "^5.0.3",
        "domutils": "^3.1.0",
        "entities": "^4.5.0"
      }
    },
    "node_modules/ignore": {
      "version": "5.2.4",
      "resolved": "https://registry.npmjs.org/ignore/-/ignore-5.2.4.tgz",
      "integrity": "sha512-MAb38BcSbH0eHNBxn7ql2NH/kX33OkB3lZ1BNdh7ENeRChHTYsTvWrMubiIAMNS2llXEEgZ1MUOBtXChP3kaFQ==",
      "dev": true,
      "engines": {
        "node": ">= 4"
      }
    },
    "node_modules/is-extglob": {
      "version": "2.1.1",
      "resolved": "https://registry.npmjs.org/is-extglob/-/is-extglob-2.1.1.tgz",
      "integrity": "sha512-SbKbANkN603Vi4jEZv49LeVJMn4yGwsbzZworEoyEiutsN3nJYdbO36zfhGJ6QEDpOZIFkDtnq5JRxmvl3jsoQ==",
      "dev": true,
      "engines": {
        "node": ">=0.10.0"
      }
    },
    "node_modules/is-glob": {
      "version": "4.0.3",
      "resolved": "https://registry.npmjs.org/is-glob/-/is-glob-4.0.3.tgz",
      "integrity": "sha512-xelSayHH36ZgE7ZWhli7pW34hNbNl8Ojv5KVmkJD4hBdD3th8Tfk9vYasLM+mXWOZhFkgZfxhLSnrwRr4elSSg==",
      "dev": true,
      "dependencies": {
        "is-extglob": "^2.1.1"
      },
      "engines": {
        "node": ">=0.10.0"
      }
    },
    "node_modules/is-number": {
      "version": "7.0.0",
      "resolved": "https://registry.npmjs.org/is-number/-/is-number-7.0.0.tgz",
      "integrity": "sha512-41Cifkg6e8TylSpdtTpeLVMqvSBEVzTttHvERD741+pnZ8ANv0004MRL43QKPDlK9cGvNp6NZWZUBlbGXYxxng==",
      "dev": true,
      "engines": {
        "node": ">=0.12.0"
      }
    },
    "node_modules/js-tokens": {
      "version": "4.0.0",
      "resolved": "https://registry.npmjs.org/js-tokens/-/js-tokens-4.0.0.tgz",
      "integrity": "sha512-RdJUflcE3cUzKiMqQgsCu06FPu9UdIJO0beYbPhHN4k6apgJtifcoCtT9bcxOpYBtpD2kCM6Sbzg4CausW/PKQ==",
      "peer": true
    },
    "node_modules/linkedom": {
      "version": "0.16.8",
      "resolved": "git+ssh://git@github.com/luwes/linkedom.git#2eba18c3fa805c5217a4b433c9e2baf168c8a280",
      "license": "ISC",
      "dependencies": {
        "css-select": "^5.1.0",
        "cssom": "^0.5.0",
        "html-escaper": "^3.0.3",
        "htmlparser2": "^9.0.0",
        "uhyphen": "^0.2.0"
      }
    },
    "node_modules/loose-envify": {
      "version": "1.4.0",
      "resolved": "https://registry.npmjs.org/loose-envify/-/loose-envify-1.4.0.tgz",
      "integrity": "sha512-lyuxPGr/Wfhrlem2CL/UcnUc1zcqKAImBDzukY7Y5F/yQiNdko6+fRLevlw1HgMySw7f611UIY408EtxRSoK3Q==",
      "peer": true,
      "dependencies": {
        "js-tokens": "^3.0.0 || ^4.0.0"
      },
      "bin": {
        "loose-envify": "cli.js"
      }
    },
    "node_modules/merge2": {
      "version": "1.4.1",
      "resolved": "https://registry.npmjs.org/merge2/-/merge2-1.4.1.tgz",
      "integrity": "sha512-8q7VEgMJW4J8tcfVPy8g09NcQwZdbwFEqhe/WZkoIzjn/3TGDwtOCYtXGxA3O8tPzpczCCDgv+P2P5y00ZJOOg==",
      "dev": true,
      "engines": {
        "node": ">= 8"
      }
    },
    "node_modules/micromatch": {
      "version": "4.0.5",
      "resolved": "https://registry.npmjs.org/micromatch/-/micromatch-4.0.5.tgz",
      "integrity": "sha512-DMy+ERcEW2q8Z2Po+WNXuw3c5YaUSFjAO5GsJqfEl7UjvtIuFKO6ZrKvcItdy98dwFI2N1tg3zNIdKaQT+aNdA==",
      "dev": true,
      "dependencies": {
        "braces": "^3.0.2",
        "picomatch": "^2.3.1"
      },
      "engines": {
        "node": ">=8.6"
      }
    },
    "node_modules/nth-check": {
      "version": "2.1.1",
      "resolved": "https://registry.npmjs.org/nth-check/-/nth-check-2.1.1.tgz",
      "integrity": "sha512-lqjrjmaOoAnWfMmBPL+XNnynZh2+swxiX3WUE0s4yEHI6m+AwrK2UZOimIRl3X/4QctVqS8AiZjFqyOGrMXb/w==",
      "dependencies": {
        "boolbase": "^1.0.0"
      },
      "funding": {
        "url": "https://github.com/fb55/nth-check?sponsor=1"
      }
    },
    "node_modules/path-type": {
      "version": "4.0.0",
      "resolved": "https://registry.npmjs.org/path-type/-/path-type-4.0.0.tgz",
      "integrity": "sha512-gDKb8aZMDeD/tZWs9P6+q0J9Mwkdl6xMV8TjnGP3qJVJ06bdMgkbBlLU8IdfOsIsFz2BW1rNVT3XuNEl8zPAvw==",
      "dev": true,
      "engines": {
        "node": ">=8"
      }
    },
    "node_modules/picomatch": {
      "version": "2.3.1",
      "resolved": "https://registry.npmjs.org/picomatch/-/picomatch-2.3.1.tgz",
      "integrity": "sha512-JU3teHTNjmE2VCGFzuY8EXzCDVwEqB2a8fsIvwaStHhAWJEeVd1o1QD80CU6+ZdEXXSLbSsuLwJjkCBWqRQUVA==",
      "dev": true,
      "engines": {
        "node": ">=8.6"
      },
      "funding": {
        "url": "https://github.com/sponsors/jonschlinkert"
      }
    },
    "node_modules/playwright-core": {
      "version": "1.40.1",
      "resolved": "https://registry.npmjs.org/playwright-core/-/playwright-core-1.40.1.tgz",
      "integrity": "sha512-+hkOycxPiV534c4HhpfX6yrlawqVUzITRKwHAmYfmsVreltEl6fAZJ3DPfLMOODw0H3s1Itd6MDCWmP1fl/QvQ==",
      "dev": true,
      "bin": {
        "playwright-core": "cli.js"
      },
      "engines": {
        "node": ">=16"
      }
    },
    "node_modules/prettier": {
      "version": "3.2.4",
      "resolved": "https://registry.npmjs.org/prettier/-/prettier-3.2.4.tgz",
      "integrity": "sha512-FWu1oLHKCrtpO1ypU6J0SbK2d9Ckwysq6bHj/uaCP26DxrPpppCLQRGVuqAxSTvhF00AcvDRyYrLNW7ocBhFFQ==",
      "dev": true,
      "bin": {
        "prettier": "bin/prettier.cjs"
      },
      "engines": {
        "node": ">=14"
      },
      "funding": {
        "url": "https://github.com/prettier/prettier?sponsor=1"
      }
    },
    "node_modules/pta": {
      "version": "1.2.0",
      "resolved": "https://registry.npmjs.org/pta/-/pta-1.2.0.tgz",
      "integrity": "sha512-vk2QidTwxQgkh5yz1MbBx99w8EGOOqO0lSI5ApR4ndYEos/AJfKNBXMt7vaU4l3u6f69NLXaZkcRDH4iMx1sxw==",
      "dev": true,
      "dependencies": {
        "arg": "~5.0.2",
        "globby": "~13.1.1",
        "zora-reporters": "*"
      },
      "bin": {
        "pta": "src/bin.js"
      },
      "peerDependencies": {
        "zora": "^5.0.0"
      }
    },
    "node_modules/queue-microtask": {
      "version": "1.2.3",
      "resolved": "https://registry.npmjs.org/queue-microtask/-/queue-microtask-1.2.3.tgz",
      "integrity": "sha512-NuaNSa6flKT5JaSYQzJok04JzTL1CA6aGhv5rfLW3PgqA+M2ChpZQnAC8h8i4ZFkBS8X5RqkDBHA7r4hej3K9A==",
      "dev": true,
      "funding": [
        {
          "type": "github",
          "url": "https://github.com/sponsors/feross"
        },
        {
          "type": "patreon",
          "url": "https://www.patreon.com/feross"
        },
        {
          "type": "consulting",
          "url": "https://feross.org/support"
        }
      ]
    },
    "node_modules/react": {
      "version": "18.2.0",
      "resolved": "https://registry.npmjs.org/react/-/react-18.2.0.tgz",
      "integrity": "sha512-/3IjMdb2L9QbBdWiW5e3P2/npwMBaU9mHCSCUzNln0ZCYbcfTsGbTJrU/kGemdH2IWmB2ioZ+zkxtmq6g09fGQ==",
      "peer": true,
      "dependencies": {
        "loose-envify": "^1.1.0"
      },
      "engines": {
        "node": ">=0.10.0"
      }
    },
    "node_modules/react-dom": {
      "version": "18.2.0",
      "resolved": "https://registry.npmjs.org/react-dom/-/react-dom-18.2.0.tgz",
      "integrity": "sha512-6IMTriUmvsjHUjNtEDudZfuDQUoWXVxKHhlEGSk81n4YFS+r/Kl99wXiwlVXtPBtJenozv2P+hxDsw9eA7Xo6g==",
      "peer": true,
      "dependencies": {
        "loose-envify": "^1.1.0",
        "scheduler": "^0.23.0"
      },
      "peerDependencies": {
        "react": "^18.2.0"
      }
    },
    "node_modules/reusify": {
      "version": "1.0.4",
      "resolved": "https://registry.npmjs.org/reusify/-/reusify-1.0.4.tgz",
      "integrity": "sha512-U9nH88a3fc/ekCF1l0/UP1IosiuIjyTh7hBvXVMHYgVcfGvt897Xguj2UOLDeI5BG2m7/uwyaLVT6fbtCwTyzw==",
      "dev": true,
      "engines": {
        "iojs": ">=1.0.0",
        "node": ">=0.10.0"
      }
    },
    "node_modules/run-parallel": {
      "version": "1.2.0",
      "resolved": "https://registry.npmjs.org/run-parallel/-/run-parallel-1.2.0.tgz",
      "integrity": "sha512-5l4VyZR86LZ/lDxZTR6jqL8AFE2S0IFLMP26AbjsLVADxHdhB/c0GUsH+y39UfCi3dzz8OlQuPmnaJOMoDHQBA==",
      "dev": true,
      "funding": [
        {
          "type": "github",
          "url": "https://github.com/sponsors/feross"
        },
        {
          "type": "patreon",
          "url": "https://www.patreon.com/feross"
        },
        {
          "type": "consulting",
          "url": "https://feross.org/support"
        }
      ],
      "dependencies": {
        "queue-microtask": "^1.2.2"
      }
    },
    "node_modules/scheduler": {
      "version": "0.23.0",
      "resolved": "https://registry.npmjs.org/scheduler/-/scheduler-0.23.0.tgz",
      "integrity": "sha512-CtuThmgHNg7zIZWAXi3AsyIzA3n4xx7aNyjwC2VJldO2LMVDhFK+63xGqq6CsJH4rTAt6/M+N4GhZiDYPx9eUw==",
      "peer": true,
      "dependencies": {
        "loose-envify": "^1.1.0"
      }
    },
    "node_modules/slash": {
      "version": "4.0.0",
      "resolved": "https://registry.npmjs.org/slash/-/slash-4.0.0.tgz",
      "integrity": "sha512-3dOsAHXXUkQTpOYcoAxLIorMTp4gIQr5IW3iVb7A7lFIp0VHhnynm9izx6TssdrIcVIESAlVjtnO2K8bg+Coew==",
      "dev": true,
      "engines": {
        "node": ">=12"
      },
      "funding": {
        "url": "https://github.com/sponsors/sindresorhus"
      }
    },
    "node_modules/to-regex-range": {
      "version": "5.0.1",
      "resolved": "https://registry.npmjs.org/to-regex-range/-/to-regex-range-5.0.1.tgz",
      "integrity": "sha512-65P7iz6X5yEr1cwcgvQxbbIw7Uk3gOy5dIdtZ4rDveLqhrdJP+Li/Hx6tyK0NEb+2GCyneCMJiGqrADCSNk8sQ==",
      "dev": true,
      "dependencies": {
        "is-number": "^7.0.0"
      },
      "engines": {
        "node": ">=8.0"
      }
    },
    "node_modules/uhyphen": {
      "version": "0.2.0",
      "resolved": "https://registry.npmjs.org/uhyphen/-/uhyphen-0.2.0.tgz",
      "integrity": "sha512-qz3o9CHXmJJPGBdqzab7qAYuW8kQGKNEuoHFYrBwV6hWIMcpAmxDLXojcHfFr9US1Pe6zUswEIJIbLI610fuqA=="
    },
    "node_modules/wet-run": {
      "version": "1.0.3",
      "resolved": "https://registry.npmjs.org/wet-run/-/wet-run-1.0.3.tgz",
      "integrity": "sha512-FHjxk+JmxWuQRCv+CMhceRzmFis47N0kQpNs9PCiPai1Vev4XxUnVGUeHQt2RHmup1f+xL3j1ARqEyZe3gXBvQ==",
      "dev": true,
      "dependencies": {
        "@hono/node-server": "^1.3.3",
        "hono": "^3.11.7",
        "playwright-core": "^1.40.1",
        "ws": "^8.15.1"
      },
      "bin": {
        "wet": "src/cli.js"
      },
      "engines": {
        "node": ">=18.3.0"
      }
    },
    "node_modules/ws": {
      "version": "8.15.1",
      "resolved": "https://registry.npmjs.org/ws/-/ws-8.15.1.tgz",
      "integrity": "sha512-W5OZiCjXEmk0yZ66ZN82beM5Sz7l7coYxpRkzS+p9PP+ToQry8szKh+61eNktr7EA9DOwvFGhfC605jDHbP6QQ==",
      "dev": true,
      "engines": {
        "node": ">=10.0.0"
      },
      "peerDependencies": {
        "bufferutil": "^4.0.1",
        "utf-8-validate": ">=5.0.2"
      },
      "peerDependenciesMeta": {
        "bufferutil": {
          "optional": true
        },
        "utf-8-validate": {
          "optional": true
        }
      }
    },
    "node_modules/zora": {
      "version": "5.2.0",
      "resolved": "https://registry.npmjs.org/zora/-/zora-5.2.0.tgz",
      "integrity": "sha512-FSZOvfJVfMWhk/poictNsDBCXq/Z+2Zu2peWs6d8OhWWb9nY++czw95D47hdw06L/kfjasLevwrbUtnXyWLAJw==",
      "dev": true
    },
    "node_modules/zora-reporters": {
      "version": "1.4.0",
      "resolved": "https://registry.npmjs.org/zora-reporters/-/zora-reporters-1.4.0.tgz",
      "integrity": "sha512-RZy2zb/aT8YKUztELGjFWMb39LduCEB4SHoAH4w2HBWKE53V0lU385AAK2q097P7D5cdMLGJIYXpykxUdoyyig==",
      "dev": true,
      "dependencies": {
        "arg": "~5.0.2",
        "colorette": "2.0.17",
        "diff": "~5.1.0"
      },
      "bin": {
        "zr": "src/bin.js"
      }
    }
  }
}
