{
  "name": "wesc-node",
  "lockfileVersion": 3,
  "requires": true,
  "packages": {
    "": {
      "name": "wesc-node",
      "dependencies": {
        "@wesc/dom": "file:../..",
        "media-chrome": "^2.1.0"
      }
    },
    "../..": {
      "name": "@wesc/dom",
      "version": "0.5.0",
      "license": "MIT",
      "dependencies": {
        "linkedom": "github:luwes/linkedom#wesc"
      },
      "devDependencies": {
        "esbuild": "^0.20.0",
        "pta": "^1.2.0",
        "zora": "^5.2.0"
      },
      "engines": {
        "node": ">= 18"
      },
      "peerDependencies": {
        "react": "^17.0.2 || ^18",
        "react-dom": "^17.0.2 || ^18"
      },
      "peerDependenciesMeta": {
        "react": {
          "optional": true
        },
        "react-dom": {
          "optional": true
        }
      }
    },
    "node_modules/@wesc/dom": {
      "resolved": "../..",
      "link": true
    },
    "node_modules/media-chrome": {
      "version": "2.2.5",
      "resolved": "https://registry.npmjs.org/media-chrome/-/media-chrome-2.2.5.tgz",
      "integrity": "sha512-59peAYFlL9ZlFVkKJmIgIDNMkQr4nauYTwIQhLg3khmGfO6/25VNEI8Yn0aUMLb5IFB2gzjcPmfu1ktfOhQ8Ag==",
      "license": "MIT"
    }
  }
}
