{
  "name": "wesc-node",
  "lockfileVersion": 2,
  "requires": true,
  "packages": {
    "": {
      "name": "wesc-node",
      "dependencies": {
        "media-chrome": "^1.1.5",
        "wesc": "file:../.."
      }
    },
    "../..": {
      "version": "0.3.2",
      "license": "MIT",
      "dependencies": {
        "linkedom": "github:luwes/linkedom#wesc"
      },
      "devDependencies": {
        "esbuild": "^0.18.14",
        "pta": "^1.2.0",
        "wet-run": "^0.2.0",
        "zora": "^5.2.0"
      },
      "peerDependencies": {
        "react": "^17.0.2 || ^18",
        "react-dom": "^17.0.2 || ^18"
      }
    },
    "node_modules/media-chrome": {
      "version": "1.1.5",
      "resolved": "https://registry.npmjs.org/media-chrome/-/media-chrome-1.1.5.tgz",
      "integrity": "sha512-H+1lbSjaARulL7kRdh9QpGTJlsmhI1P6WydjjBoxJiD5CjSaDTG3ZwtwZnD2HliJigDwS4EJ15qRjEdNRBVlRg=="
    },
    "node_modules/wesc": {
      "resolved": "../..",
      "link": true
    }
  },
  "dependencies": {
    "media-chrome": {
      "version": "1.1.5",
      "resolved": "https://registry.npmjs.org/media-chrome/-/media-chrome-1.1.5.tgz",
      "integrity": "sha512-H+1lbSjaARulL7kRdh9QpGTJlsmhI1P6WydjjBoxJiD5CjSaDTG3ZwtwZnD2HliJigDwS4EJ15qRjEdNRBVlRg=="
    },
    "wesc": {
      "version": "file:../..",
      "requires": {
        "esbuild": "^0.18.14",
        "linkedom": "github:luwes/linkedom#wesc",
        "pta": "^1.2.0",
        "wet-run": "^0.2.0",
        "zora": "^5.2.0"
      }
    }
  }
}
